
Microsoft Visual Studio Solution File, Format Version 12.00
# Visual Studio Version 17
VisualStudioVersion = 17.5.002.0
MinimumVisualStudioVersion = 10.0.40219.1
Project("{9A19103F-16F7-4668-BE54-9A1E7A4F7556}") = "7lambdaExpressions", "7lambdaExpressions.csproj", "{04F566B6-9CBA-4F24-8F15-41CF5CDCA2BA}"
EndProject
Global
	GlobalSection(SolutionConfigurationPlatforms) = preSolution
		Debug|Any CPU = Debug|Any CPU
		Release|Any CPU = Release|Any CPU
	EndGlobalSection
	GlobalSection(ProjectConfigurationPlatforms) = postSolution
		{04F566B6-9CBA-4F24-8F15-41CF5CDCA2BA}.Debug|Any CPU.ActiveCfg = Debug|Any CPU
		{04F566B6-9CBA-4F24-8F15-41CF5CDCA2BA}.Debug|Any CPU.Build.0 = Debug|Any CPU
		{04F566B6-9CBA-4F24-8F15-41CF5CDCA2BA}.Release|Any CPU.ActiveCfg = Release|Any CPU
		{04F566B6-9CBA-4F24-8F15-41CF5CDCA2BA}.Release|Any CPU.Build.0 = Release|Any CPU
	EndGlobalSection
	GlobalSection(SolutionProperties) = preSolution
		HideSolutionNode = FALSE
	EndGlobalSection
	GlobalSection(ExtensibilityGlobals) = postSolution
		SolutionGuid = {1455B562-04F3-4AA2-B17E-D311A96834B8}
	EndGlobalSection
EndGlobal
