
Microsoft Visual Studio Solution File, Format Version 12.00
# Visual Studio Version 17
VisualStudioVersion = 17.5.002.0
MinimumVisualStudioVersion = 10.0.40219.1
Project("{9A19103F-16F7-4668-BE54-9A1E7A4F7556}") = "6functionalPrograming", "6functionalPrograming.csproj", "{F8262D57-B335-411F-B494-834D22F3F391}"
EndProject
Global
	GlobalSection(SolutionConfigurationPlatforms) = preSolution
		Debug|Any CPU = Debug|Any CPU
		Release|Any CPU = Release|Any CPU
	EndGlobalSection
	GlobalSection(ProjectConfigurationPlatforms) = postSolution
		{F8262D57-B335-411F-B494-834D22F3F391}.Debug|Any CPU.ActiveCfg = Debug|Any CPU
		{F8262D57-B335-411F-B494-834D22F3F391}.Debug|Any CPU.Build.0 = Debug|Any CPU
		{F8262D57-B335-411F-B494-834D22F3F391}.Release|Any CPU.ActiveCfg = Release|Any CPU
		{F8262D57-B335-411F-B494-834D22F3F391}.Release|Any CPU.Build.0 = Release|Any CPU
	EndGlobalSection
	GlobalSection(SolutionProperties) = preSolution
		HideSolutionNode = FALSE
	EndGlobalSection
	GlobalSection(ExtensibilityGlobals) = postSolution
		SolutionGuid = {1F193F62-B274-446B-90F6-67711B3D47FE}
	EndGlobalSection
EndGlobal
